
Microsoft Visual Studio Solution File, Format Version 12.00
# Visual Studio Version 17
VisualStudioVersion = 17.3.32929.385
MinimumVisualStudioVersion = 10.0.40219.1
Project("{FAE04EC0-301F-11D3-BF4B-00C04F79EFBC}") = "ServiceConnection", "ServiceConnection\ServiceConnection.csproj", "{9998C64F-5B92-4375-935D-615B3051E09C}"
EndProject
Global
	GlobalSection(SolutionConfigurationPlatforms) = preSolution
		Debug|Any CPU = Debug|Any CPU
		Release|Any CPU = Release|Any CPU
	EndGlobalSection
	GlobalSection(ProjectConfigurationPlatforms) = postSolution
		{9998C64F-5B92-4375-935D-615B3051E09C}.Debug|Any CPU.ActiveCfg = Debug|Any CPU
		{9998C64F-5B92-4375-935D-615B3051E09C}.Debug|Any CPU.Build.0 = Debug|Any CPU
		{9998C64F-5B92-4375-935D-615B3051E09C}.Release|Any CPU.ActiveCfg = Release|Any CPU
		{9998C64F-5B92-4375-935D-615B3051E09C}.Release|Any CPU.Build.0 = Release|Any CPU
	EndGlobalSection
	GlobalSection(SolutionProperties) = preSolution
		HideSolutionNode = FALSE
	EndGlobalSection
	GlobalSection(ExtensibilityGlobals) = postSolution
		SolutionGuid = {7EB1D8BE-EF55-4EC4-B54B-691F02978BB1}
	EndGlobalSection
EndGlobal
